// !$*UTF8*$!
{
	archiveVersion = 1;
	classes = {
	};
	objectVersion = 55;
	objects = {

/* Begin PBXBuildFile section */
		46A2C8E2289D3C5600E8B3F8 /* PokemonSwiftUIApp.swift in Sources */ = {isa = PBXBuildFile; fileRef = 46A2C8E1289D3C5600E8B3F8 /* PokemonSwiftUIApp.swift */; };
		46A2C8E4289D3C5600E8B3F8 /* PokemonView.swift in Sources */ = {isa = PBXBuildFile; fileRef = 46A2C8E3289D3C5600E8B3F8 /* PokemonView.swift */; };
		46A2C8E6289D3C5800E8B3F8 /* Assets.xcassets in Resources */ = {isa = PBXBuildFile; fileRef = 46A2C8E5289D3C5800E8B3F8 /* Assets.xcassets */; };
		46A2C8E9289D3C5800E8B3F8 /* Preview Assets.xcassets in Resources */ = {isa = PBXBuildFile; fileRef = 46A2C8E8289D3C5800E8B3F8 /* Preview Assets.xcassets */; };
		46A2C8F0289D66C700E8B3F8 /* PokeStat.swift in Sources */ = {isa = PBXBuildFile; fileRef = 46A2C8EF289D66C700E8B3F8 /* PokeStat.swift */; };
		46A2C8F428A1580900E8B3F8 /* PokemonRow.swift in Sources */ = {isa = PBXBuildFile; fileRef = 46A2C8F328A1580900E8B3F8 /* PokemonRow.swift */; };
		46A2C8F628A15A8E00E8B3F8 /* Pokemon.swift in Sources */ = {isa = PBXBuildFile; fileRef = 46A2C8F528A15A8E00E8B3F8 /* Pokemon.swift */; };
		46A2C8F828A16FE600E8B3F8 /* PokemonList.swift in Sources */ = {isa = PBXBuildFile; fileRef = 46A2C8F728A16FE600E8B3F8 /* PokemonList.swift */; };
		46A2C90028A2AB3B00E8B3F8 /* WidgetKit.framework in Frameworks */ = {isa = PBXBuildFile; fileRef = 46A2C8FF28A2AB3B00E8B3F8 /* WidgetKit.framework */; };
		46A2C90228A2AB3B00E8B3F8 /* SwiftUI.framework in Frameworks */ = {isa = PBXBuildFile; fileRef = 46A2C90128A2AB3B00E8B3F8 /* SwiftUI.framework */; };
		46A2C90528A2AB3B00E8B3F8 /* PokemonWidget.swift in Sources */ = {isa = PBXBuildFile; fileRef = 46A2C90428A2AB3B00E8B3F8 /* PokemonWidget.swift */; };
		46A2C90828A2AB4000E8B3F8 /* Assets.xcassets in Resources */ = {isa = PBXBuildFile; fileRef = 46A2C90728A2AB4000E8B3F8 /* Assets.xcassets */; };
		46A2C90A28A2AB4000E8B3F8 /* PokemonWidget.intentdefinition in Sources */ = {isa = PBXBuildFile; fileRef = 46A2C90628A2AB3B00E8B3F8 /* PokemonWidget.intentdefinition */; };
		46A2C90B28A2AB4000E8B3F8 /* PokemonWidget.intentdefinition in Sources */ = {isa = PBXBuildFile; fileRef = 46A2C90628A2AB3B00E8B3F8 /* PokemonWidget.intentdefinition */; };
		46A2C90E28A2AB4000E8B3F8 /* PokemonWidgetExtension.appex in Embed App Extensions */ = {isa = PBXBuildFile; fileRef = 46A2C8FD28A2AB3B00E8B3F8 /* PokemonWidgetExtension.appex */; settings = {ATTRIBUTES = (RemoveHeadersOnCopy, ); }; };
		46A2C91328A2ACE600E8B3F8 /* Pokemon.swift in Sources */ = {isa = PBXBuildFile; fileRef = 46A2C8F528A15A8E00E8B3F8 /* Pokemon.swift */; };
		46A2C91428A2AE2D00E8B3F8 /* Assets.xcassets in Resources */ = {isa = PBXBuildFile; fileRef = 46A2C8E5289D3C5800E8B3F8 /* Assets.xcassets */; };
		46A2C91C28A2C05C00E8B3F8 /* PokemonClipApp.swift in Sources */ = {isa = PBXBuildFile; fileRef = 46A2C91B28A2C05C00E8B3F8 /* PokemonClipApp.swift */; };
		46A2C91E28A2C05C00E8B3F8 /* ContentView.swift in Sources */ = {isa = PBXBuildFile; fileRef = 46A2C91D28A2C05C00E8B3F8 /* ContentView.swift */; };
		46A2C92028A2C06000E8B3F8 /* Assets.xcassets in Resources */ = {isa = PBXBuildFile; fileRef = 46A2C91F28A2C06000E8B3F8 /* Assets.xcassets */; };
		46A2C92328A2C06000E8B3F8 /* Preview Assets.xcassets in Resources */ = {isa = PBXBuildFile; fileRef = 46A2C92228A2C06000E8B3F8 /* Preview Assets.xcassets */; };
		46A2C92828A2C06000E8B3F8 /* PokemonClip.app in Embed App Clips */ = {isa = PBXBuildFile; fileRef = 46A2C91928A2C05C00E8B3F8 /* PokemonClip.app */; settings = {ATTRIBUTES = (RemoveHeadersOnCopy, ); }; };
		46A2C92D28A2C1BC00E8B3F8 /* Pokemon.swift in Sources */ = {isa = PBXBuildFile; fileRef = 46A2C8F528A15A8E00E8B3F8 /* Pokemon.swift */; };
		46A2C92E28A2C22F00E8B3F8 /* PokemonRow.swift in Sources */ = {isa = PBXBuildFile; fileRef = 46A2C8F328A1580900E8B3F8 /* PokemonRow.swift */; };
		46A2C92F28A2C23200E8B3F8 /* Assets.xcassets in Resources */ = {isa = PBXBuildFile; fileRef = 46A2C8E5289D3C5800E8B3F8 /* Assets.xcassets */; };
		46A2C93028A2C27200E8B3F8 /* Assets.xcassets in Resources */ = {isa = PBXBuildFile; fileRef = 46A2C91F28A2C06000E8B3F8 /* Assets.xcassets */; };
		46A2C93128A2C27200E8B3F8 /* Assets.xcassets in Resources */ = {isa = PBXBuildFile; fileRef = 46A2C91F28A2C06000E8B3F8 /* Assets.xcassets */; };
		46A2C93228A2C29500E8B3F8 /* PokemonRow.swift in Sources */ = {isa = PBXBuildFile; fileRef = 46A2C8F328A1580900E8B3F8 /* PokemonRow.swift */; };
/* End PBXBuildFile section */

/* Begin PBXContainerItemProxy section */
		46A2C90C28A2AB4000E8B3F8 /* PBXContainerItemProxy */ = {
			isa = PBXContainerItemProxy;
			containerPortal = 46A2C8D6289D3C5600E8B3F8 /* Project object */;
			proxyType = 1;
			remoteGlobalIDString = 46A2C8FC28A2AB3B00E8B3F8;
			remoteInfo = PokemonWidgetExtension;
		};
		46A2C92628A2C06000E8B3F8 /* PBXContainerItemProxy */ = {
			isa = PBXContainerItemProxy;
			containerPortal = 46A2C8D6289D3C5600E8B3F8 /* Project object */;
			proxyType = 1;
			remoteGlobalIDString = 46A2C91828A2C05C00E8B3F8;
			remoteInfo = PokemonClip;
		};
/* End PBXContainerItemProxy section */

/* Begin PBXCopyFilesBuildPhase section */
		46A2C91228A2AB4000E8B3F8 /* Embed App Extensions */ = {
			isa = PBXCopyFilesBuildPhase;
			buildActionMask = 2147483647;
			dstPath = "";
			dstSubfolderSpec = 13;
			files = (
				46A2C90E28A2AB4000E8B3F8 /* PokemonWidgetExtension.appex in Embed App Extensions */,
			);
			name = "Embed App Extensions";
			runOnlyForDeploymentPostprocessing = 0;
		};
		46A2C92C28A2C06000E8B3F8 /* Embed App Clips */ = {
			isa = PBXCopyFilesBuildPhase;
			buildActionMask = 2147483647;
			dstPath = "$(CONTENTS_FOLDER_PATH)/AppClips";
			dstSubfolderSpec = 16;
			files = (
				46A2C92828A2C06000E8B3F8 /* PokemonClip.app in Embed App Clips */,
			);
			name = "Embed App Clips";
			runOnlyForDeploymentPostprocessing = 0;
		};
/* End PBXCopyFilesBuildPhase section */

/* Begin PBXFileReference section */
		46A2C8DE289D3C5600E8B3F8 /* PokemonSwiftUI.app */ = {isa = PBXFileReference; explicitFileType = wrapper.application; includeInIndex = 0; path = PokemonSwiftUI.app; sourceTree = BUILT_PRODUCTS_DIR; };
		46A2C8E1289D3C5600E8B3F8 /* PokemonSwiftUIApp.swift */ = {isa = PBXFileReference; lastKnownFileType = sourcecode.swift; path = PokemonSwiftUIApp.swift; sourceTree = "<group>"; };
		46A2C8E3289D3C5600E8B3F8 /* PokemonView.swift */ = {isa = PBXFileReference; lastKnownFileType = sourcecode.swift; path = PokemonView.swift; sourceTree = "<group>"; };
		46A2C8E5289D3C5800E8B3F8 /* Assets.xcassets */ = {isa = PBXFileReference; lastKnownFileType = folder.assetcatalog; path = Assets.xcassets; sourceTree = "<group>"; };
		46A2C8E8289D3C5800E8B3F8 /* Preview Assets.xcassets */ = {isa = PBXFileReference; lastKnownFileType = folder.assetcatalog; path = "Preview Assets.xcassets"; sourceTree = "<group>"; };
		46A2C8EF289D66C700E8B3F8 /* PokeStat.swift */ = {isa = PBXFileReference; lastKnownFileType = sourcecode.swift; path = PokeStat.swift; sourceTree = "<group>"; };
		46A2C8F328A1580900E8B3F8 /* PokemonRow.swift */ = {isa = PBXFileReference; lastKnownFileType = sourcecode.swift; path = PokemonRow.swift; sourceTree = "<group>"; };
		46A2C8F528A15A8E00E8B3F8 /* Pokemon.swift */ = {isa = PBXFileReference; lastKnownFileType = sourcecode.swift; path = Pokemon.swift; sourceTree = "<group>"; };
		46A2C8F728A16FE600E8B3F8 /* PokemonList.swift */ = {isa = PBXFileReference; lastKnownFileType = sourcecode.swift; path = PokemonList.swift; sourceTree = "<group>"; };
		46A2C8FD28A2AB3B00E8B3F8 /* PokemonWidgetExtension.appex */ = {isa = PBXFileReference; explicitFileType = "wrapper.app-extension"; includeInIndex = 0; path = PokemonWidgetExtension.appex; sourceTree = BUILT_PRODUCTS_DIR; };
		46A2C8FF28A2AB3B00E8B3F8 /* WidgetKit.framework */ = {isa = PBXFileReference; lastKnownFileType = wrapper.framework; name = WidgetKit.framework; path = System/Library/Frameworks/WidgetKit.framework; sourceTree = SDKROOT; };
		46A2C90128A2AB3B00E8B3F8 /* SwiftUI.framework */ = {isa = PBXFileReference; lastKnownFileType = wrapper.framework; name = SwiftUI.framework; path = System/Library/Frameworks/SwiftUI.framework; sourceTree = SDKROOT; };
		46A2C90428A2AB3B00E8B3F8 /* PokemonWidget.swift */ = {isa = PBXFileReference; lastKnownFileType = sourcecode.swift; path = PokemonWidget.swift; sourceTree = "<group>"; };
		46A2C90628A2AB3B00E8B3F8 /* PokemonWidget.intentdefinition */ = {isa = PBXFileReference; lastKnownFileType = file.intentdefinition; path = PokemonWidget.intentdefinition; sourceTree = "<group>"; };
		46A2C90728A2AB4000E8B3F8 /* Assets.xcassets */ = {isa = PBXFileReference; lastKnownFileType = folder.assetcatalog; path = Assets.xcassets; sourceTree = "<group>"; };
		46A2C90928A2AB4000E8B3F8 /* Info.plist */ = {isa = PBXFileReference; lastKnownFileType = text.plist.xml; path = Info.plist; sourceTree = "<group>"; };
		46A2C91928A2C05C00E8B3F8 /* PokemonClip.app */ = {isa = PBXFileReference; explicitFileType = wrapper.application; includeInIndex = 0; path = PokemonClip.app; sourceTree = BUILT_PRODUCTS_DIR; };
		46A2C91B28A2C05C00E8B3F8 /* PokemonClipApp.swift */ = {isa = PBXFileReference; lastKnownFileType = sourcecode.swift; path = PokemonClipApp.swift; sourceTree = "<group>"; };
		46A2C91D28A2C05C00E8B3F8 /* ContentView.swift */ = {isa = PBXFileReference; lastKnownFileType = sourcecode.swift; path = ContentView.swift; sourceTree = "<group>"; };
		46A2C91F28A2C06000E8B3F8 /* Assets.xcassets */ = {isa = PBXFileReference; lastKnownFileType = folder.assetcatalog; path = Assets.xcassets; sourceTree = "<group>"; };
		46A2C92228A2C06000E8B3F8 /* Preview Assets.xcassets */ = {isa = PBXFileReference; lastKnownFileType = folder.assetcatalog; path = "Preview Assets.xcassets"; sourceTree = "<group>"; };
		46A2C92428A2C06000E8B3F8 /* Info.plist */ = {isa = PBXFileReference; lastKnownFileType = text.plist.xml; path = Info.plist; sourceTree = "<group>"; };
		46A2C92528A2C06000E8B3F8 /* PokemonClip.entitlements */ = {isa = PBXFileReference; lastKnownFileType = text.plist.entitlements; path = PokemonClip.entitlements; sourceTree = "<group>"; };
/* End PBXFileReference section */

/* Begin PBXFrameworksBuildPhase section */
		46A2C8DB289D3C5600E8B3F8 /* Frameworks */ = {
			isa = PBXFrameworksBuildPhase;
			buildActionMask = 2147483647;
			files = (
			);
			runOnlyForDeploymentPostprocessing = 0;
		};
		46A2C8FA28A2AB3B00E8B3F8 /* Frameworks */ = {
			isa = PBXFrameworksBuildPhase;
			buildActionMask = 2147483647;
			files = (
				46A2C90228A2AB3B00E8B3F8 /* SwiftUI.framework in Frameworks */,
				46A2C90028A2AB3B00E8B3F8 /* WidgetKit.framework in Frameworks */,
			);
			runOnlyForDeploymentPostprocessing = 0;
		};
		46A2C91628A2C05C00E8B3F8 /* Frameworks */ = {
			isa = PBXFrameworksBuildPhase;
			buildActionMask = 2147483647;
			files = (
			);
			runOnlyForDeploymentPostprocessing = 0;
		};
/* End PBXFrameworksBuildPhase section */

/* Begin PBXGroup section */
		46A2C8D5289D3C5600E8B3F8 = {
			isa = PBXGroup;
			children = (
				46A2C8E0289D3C5600E8B3F8 /* PokemonSwiftUI */,
				46A2C90328A2AB3B00E8B3F8 /* PokemonWidget */,
				46A2C91A28A2C05C00E8B3F8 /* PokemonClip */,
				46A2C8FE28A2AB3B00E8B3F8 /* Frameworks */,
				46A2C8DF289D3C5600E8B3F8 /* Products */,
			);
			sourceTree = "<group>";
		};
		46A2C8DF289D3C5600E8B3F8 /* Products */ = {
			isa = PBXGroup;
			children = (
				46A2C8DE289D3C5600E8B3F8 /* PokemonSwiftUI.app */,
				46A2C8FD28A2AB3B00E8B3F8 /* PokemonWidgetExtension.appex */,
				46A2C91928A2C05C00E8B3F8 /* PokemonClip.app */,
			);
			name = Products;
			sourceTree = "<group>";
		};
		46A2C8E0289D3C5600E8B3F8 /* PokemonSwiftUI */ = {
			isa = PBXGroup;
			children = (
				46A2C8E1289D3C5600E8B3F8 /* PokemonSwiftUIApp.swift */,
				46A2C8E3289D3C5600E8B3F8 /* PokemonView.swift */,
				46A2C8EF289D66C700E8B3F8 /* PokeStat.swift */,
				46A2C8F328A1580900E8B3F8 /* PokemonRow.swift */,
				46A2C8F728A16FE600E8B3F8 /* PokemonList.swift */,
				46A2C8F528A15A8E00E8B3F8 /* Pokemon.swift */,
				46A2C8E5289D3C5800E8B3F8 /* Assets.xcassets */,
				46A2C8E7289D3C5800E8B3F8 /* Preview Content */,
			);
			path = PokemonSwiftUI;
			sourceTree = "<group>";
		};
		46A2C8E7289D3C5800E8B3F8 /* Preview Content */ = {
			isa = PBXGroup;
			children = (
				46A2C8E8289D3C5800E8B3F8 /* Preview Assets.xcassets */,
			);
			path = "Preview Content";
			sourceTree = "<group>";
		};
		46A2C8FE28A2AB3B00E8B3F8 /* Frameworks */ = {
			isa = PBXGroup;
			children = (
				46A2C8FF28A2AB3B00E8B3F8 /* WidgetKit.framework */,
				46A2C90128A2AB3B00E8B3F8 /* SwiftUI.framework */,
			);
			name = Frameworks;
			sourceTree = "<group>";
		};
		46A2C90328A2AB3B00E8B3F8 /* PokemonWidget */ = {
			isa = PBXGroup;
			children = (
				46A2C90428A2AB3B00E8B3F8 /* PokemonWidget.swift */,
				46A2C90628A2AB3B00E8B3F8 /* PokemonWidget.intentdefinition */,
				46A2C90728A2AB4000E8B3F8 /* Assets.xcassets */,
				46A2C90928A2AB4000E8B3F8 /* Info.plist */,
			);
			path = PokemonWidget;
			sourceTree = "<group>";
		};
		46A2C91A28A2C05C00E8B3F8 /* PokemonClip */ = {
			isa = PBXGroup;
			children = (
				46A2C91B28A2C05C00E8B3F8 /* PokemonClipApp.swift */,
				46A2C91D28A2C05C00E8B3F8 /* ContentView.swift */,
				46A2C91F28A2C06000E8B3F8 /* Assets.xcassets */,
				46A2C92428A2C06000E8B3F8 /* Info.plist */,
				46A2C92528A2C06000E8B3F8 /* PokemonClip.entitlements */,
				46A2C92128A2C06000E8B3F8 /* Preview Content */,
			);
			path = PokemonClip;
			sourceTree = "<group>";
		};
		46A2C92128A2C06000E8B3F8 /* Preview Content */ = {
			isa = PBXGroup;
			children = (
				46A2C92228A2C06000E8B3F8 /* Preview Assets.xcassets */,
			);
			path = "Preview Content";
			sourceTree = "<group>";
		};
/* End PBXGroup section */

/* Begin PBXNativeTarget section */
		46A2C8DD289D3C5600E8B3F8 /* PokemonSwiftUI */ = {
			isa = PBXNativeTarget;
			buildConfigurationList = 46A2C8EC289D3C5800E8B3F8 /* Build configuration list for PBXNativeTarget "PokemonSwiftUI" */;
			buildPhases = (
				46A2C8DA289D3C5600E8B3F8 /* Sources */,
				46A2C8DB289D3C5600E8B3F8 /* Frameworks */,
				46A2C8DC289D3C5600E8B3F8 /* Resources */,
				46A2C91228A2AB4000E8B3F8 /* Embed App Extensions */,
				46A2C92C28A2C06000E8B3F8 /* Embed App Clips */,
			);
			buildRules = (
			);
			dependencies = (
				46A2C90D28A2AB4000E8B3F8 /* PBXTargetDependency */,
				46A2C92728A2C06000E8B3F8 /* PBXTargetDependency */,
			);
			name = PokemonSwiftUI;
			productName = PokemonSwiftUI;
			productReference = 46A2C8DE289D3C5600E8B3F8 /* PokemonSwiftUI.app */;
			productType = "com.apple.product-type.application";
		};
		46A2C8FC28A2AB3B00E8B3F8 /* PokemonWidgetExtension */ = {
			isa = PBXNativeTarget;
			buildConfigurationList = 46A2C90F28A2AB4000E8B3F8 /* Build configuration list for PBXNativeTarget "PokemonWidgetExtension" */;
			buildPhases = (
				46A2C8F928A2AB3B00E8B3F8 /* Sources */,
				46A2C8FA28A2AB3B00E8B3F8 /* Frameworks */,
				46A2C8FB28A2AB3B00E8B3F8 /* Resources */,
			);
			buildRules = (
			);
			dependencies = (
			);
			name = PokemonWidgetExtension;
			productName = PokemonWidgetExtension;
			productReference = 46A2C8FD28A2AB3B00E8B3F8 /* PokemonWidgetExtension.appex */;
			productType = "com.apple.product-type.app-extension";
		};
		46A2C91828A2C05C00E8B3F8 /* PokemonClip */ = {
			isa = PBXNativeTarget;
			buildConfigurationList = 46A2C92928A2C06000E8B3F8 /* Build configuration list for PBXNativeTarget "PokemonClip" */;
			buildPhases = (
				46A2C91528A2C05C00E8B3F8 /* Sources */,
				46A2C91628A2C05C00E8B3F8 /* Frameworks */,
				46A2C91728A2C05C00E8B3F8 /* Resources */,
			);
			buildRules = (
			);
			dependencies = (
			);
			name = PokemonClip;
			productName = PokemonClip;
			productReference = 46A2C91928A2C05C00E8B3F8 /* PokemonClip.app */;
			productType = "com.apple.product-type.application.on-demand-install-capable";
		};
/* End PBXNativeTarget section */

/* Begin PBXProject section */
		46A2C8D6289D3C5600E8B3F8 /* Project object */ = {
			isa = PBXProject;
			attributes = {
				BuildIndependentTargetsInParallel = 1;
				LastSwiftUpdateCheck = 1320;
				LastUpgradeCheck = 1320;
				TargetAttributes = {
					46A2C8DD289D3C5600E8B3F8 = {
						CreatedOnToolsVersion = 13.2.1;
					};
					46A2C8FC28A2AB3B00E8B3F8 = {
						CreatedOnToolsVersion = 13.2.1;
					};
					46A2C91828A2C05C00E8B3F8 = {
						CreatedOnToolsVersion = 13.2.1;
					};
				};
			};
			buildConfigurationList = 46A2C8D9289D3C5600E8B3F8 /* Build configuration list for PBXProject "PokemonSwiftUI" */;
			compatibilityVersion = "Xcode 13.0";
			developmentRegion = en;
			hasScannedForEncodings = 0;
			knownRegions = (
				en,
				Base,
			);
			mainGroup = 46A2C8D5289D3C5600E8B3F8;
			productRefGroup = 46A2C8DF289D3C5600E8B3F8 /* Products */;
			projectDirPath = "";
			projectRoot = "";
			targets = (
				46A2C8DD289D3C5600E8B3F8 /* PokemonSwiftUI */,
				46A2C8FC28A2AB3B00E8B3F8 /* PokemonWidgetExtension */,
				46A2C91828A2C05C00E8B3F8 /* PokemonClip */,
			);
		};
/* End PBXProject section */

/* Begin PBXResourcesBuildPhase section */
		46A2C8DC289D3C5600E8B3F8 /* Resources */ = {
			isa = PBXResourcesBuildPhase;
			buildActionMask = 2147483647;
			files = (
				46A2C8E9289D3C5800E8B3F8 /* Preview Assets.xcassets in Resources */,
				46A2C93128A2C27200E8B3F8 /* Assets.xcassets in Resources */,
				46A2C8E6289D3C5800E8B3F8 /* Assets.xcassets in Resources */,
			);
			runOnlyForDeploymentPostprocessing = 0;
		};
		46A2C8FB28A2AB3B00E8B3F8 /* Resources */ = {
			isa = PBXResourcesBuildPhase;
			buildActionMask = 2147483647;
			files = (
				46A2C91428A2AE2D00E8B3F8 /* Assets.xcassets in Resources */,
				46A2C93028A2C27200E8B3F8 /* Assets.xcassets in Resources */,
				46A2C90828A2AB4000E8B3F8 /* Assets.xcassets in Resources */,
			);
			runOnlyForDeploymentPostprocessing = 0;
		};
		46A2C91728A2C05C00E8B3F8 /* Resources */ = {
			isa = PBXResourcesBuildPhase;
			buildActionMask = 2147483647;
			files = (
				46A2C92328A2C06000E8B3F8 /* Preview Assets.xcassets in Resources */,
				46A2C92F28A2C23200E8B3F8 /* Assets.xcassets in Resources */,
				46A2C92028A2C06000E8B3F8 /* Assets.xcassets in Resources */,
			);
			runOnlyForDeploymentPostprocessing = 0;
		};
/* End PBXResourcesBuildPhase section */

/* Begin PBXSourcesBuildPhase section */
		46A2C8DA289D3C5600E8B3F8 /* Sources */ = {
			isa = PBXSourcesBuildPhase;
			buildActionMask = 2147483647;
			files = (
				46A2C90B28A2AB4000E8B3F8 /* PokemonWidget.intentdefinition in Sources */,
				46A2C8F628A15A8E00E8B3F8 /* Pokemon.swift in Sources */,
				46A2C8F428A1580900E8B3F8 /* PokemonRow.swift in Sources */,
				46A2C8E4289D3C5600E8B3F8 /* PokemonView.swift in Sources */,
				46A2C8E2289D3C5600E8B3F8 /* PokemonSwiftUIApp.swift in Sources */,
				46A2C8F0289D66C700E8B3F8 /* PokeStat.swift in Sources */,
				46A2C8F828A16FE600E8B3F8 /* PokemonList.swift in Sources */,
			);
			runOnlyForDeploymentPostprocessing = 0;
		};
		46A2C8F928A2AB3B00E8B3F8 /* Sources */ = {
			isa = PBXSourcesBuildPhase;
			buildActionMask = 2147483647;
			files = (
				46A2C93228A2C29500E8B3F8 /* PokemonRow.swift in Sources */,
				46A2C90A28A2AB4000E8B3F8 /* PokemonWidget.intentdefinition in Sources */,
				46A2C90528A2AB3B00E8B3F8 /* PokemonWidget.swift in Sources */,
				46A2C91328A2ACE600E8B3F8 /* Pokemon.swift in Sources */,
			);
			runOnlyForDeploymentPostprocessing = 0;
		};
		46A2C91528A2C05C00E8B3F8 /* Sources */ = {
			isa = PBXSourcesBuildPhase;
			buildActionMask = 2147483647;
			files = (
				46A2C92E28A2C22F00E8B3F8 /* PokemonRow.swift in Sources */,
				46A2C91E28A2C05C00E8B3F8 /* ContentView.swift in Sources */,
				46A2C91C28A2C05C00E8B3F8 /* PokemonClipApp.swift in Sources */,
				46A2C92D28A2C1BC00E8B3F8 /* Pokemon.swift in Sources */,
			);
			runOnlyForDeploymentPostprocessing = 0;
		};
/* End PBXSourcesBuildPhase section */

/* Begin PBXTargetDependency section */
		46A2C90D28A2AB4000E8B3F8 /* PBXTargetDependency */ = {
			isa = PBXTargetDependency;
			target = 46A2C8FC28A2AB3B00E8B3F8 /* PokemonWidgetExtension */;
			targetProxy = 46A2C90C28A2AB4000E8B3F8 /* PBXContainerItemProxy */;
		};
		46A2C92728A2C06000E8B3F8 /* PBXTargetDependency */ = {
			isa = PBXTargetDependency;
			target = 46A2C91828A2C05C00E8B3F8 /* PokemonClip */;
			targetProxy = 46A2C92628A2C06000E8B3F8 /* PBXContainerItemProxy */;
		};
/* End PBXTargetDependency section */

/* Begin XCBuildConfiguration section */
		46A2C8EA289D3C5800E8B3F8 /* Debug */ = {
			isa = XCBuildConfiguration;
			buildSettings = {
				ALWAYS_SEARCH_USER_PATHS = NO;
				CLANG_ANALYZER_NONNULL = YES;
				CLANG_ANALYZER_NUMBER_OBJECT_CONVERSION = YES_AGGRESSIVE;
				CLANG_CXX_LANGUAGE_STANDARD = "gnu++17";
				CLANG_CXX_LIBRARY = "libc++";
				CLANG_ENABLE_MODULES = YES;
				CLANG_ENABLE_OBJC_ARC = YES;
				CLANG_ENABLE_OBJC_WEAK = YES;
				CLANG_WARN_BLOCK_CAPTURE_AUTORELEASING = YES;
				CLANG_WARN_BOOL_CONVERSION = YES;
				CLANG_WARN_COMMA = YES;
				CLANG_WARN_CONSTANT_CONVERSION = YES;
				CLANG_WARN_DEPRECATED_OBJC_IMPLEMENTATIONS = YES;
				CLANG_WARN_DIRECT_OBJC_ISA_USAGE = YES_ERROR;
				CLANG_WARN_DOCUMENTATION_COMMENTS = YES;
				CLANG_WARN_EMPTY_BODY = YES;
				CLANG_WARN_ENUM_CONVERSION = YES;
				CLANG_WARN_INFINITE_RECURSION = YES;
				CLANG_WARN_INT_CONVERSION = YES;
				CLANG_WARN_NON_LITERAL_NULL_CONVERSION = YES;
				CLANG_WARN_OBJC_IMPLICIT_RETAIN_SELF = YES;
				CLANG_WARN_OBJC_LITERAL_CONVERSION = YES;
				CLANG_WARN_OBJC_ROOT_CLASS = YES_ERROR;
				CLANG_WARN_QUOTED_INCLUDE_IN_FRAMEWORK_HEADER = YES;
				CLANG_WARN_RANGE_LOOP_ANALYSIS = YES;
				CLANG_WARN_STRICT_PROTOTYPES = YES;
				CLANG_WARN_SUSPICIOUS_MOVE = YES;
				CLANG_WARN_UNGUARDED_AVAILABILITY = YES_AGGRESSIVE;
				CLANG_WARN_UNREACHABLE_CODE = YES;
				CLANG_WARN__DUPLICATE_METHOD_MATCH = YES;
				COPY_PHASE_STRIP = NO;
				DEBUG_INFORMATION_FORMAT = dwarf;
				ENABLE_STRICT_OBJC_MSGSEND = YES;
				ENABLE_TESTABILITY = YES;
				GCC_C_LANGUAGE_STANDARD = gnu11;
				GCC_DYNAMIC_NO_PIC = NO;
				GCC_NO_COMMON_BLOCKS = YES;
				GCC_OPTIMIZATION_LEVEL = 0;
				GCC_PREPROCESSOR_DEFINITIONS = (
					"DEBUG=1",
					"$(inherited)",
				);
				GCC_WARN_64_TO_32_BIT_CONVERSION = YES;
				GCC_WARN_ABOUT_RETURN_TYPE = YES_ERROR;
				GCC_WARN_UNDECLARED_SELECTOR = YES;
				GCC_WARN_UNINITIALIZED_AUTOS = YES_AGGRESSIVE;
				GCC_WARN_UNUSED_FUNCTION = YES;
				GCC_WARN_UNUSED_VARIABLE = YES;
				IPHONEOS_DEPLOYMENT_TARGET = 15.2;
				MTL_ENABLE_DEBUG_INFO = INCLUDE_SOURCE;
				MTL_FAST_MATH = YES;
				ONLY_ACTIVE_ARCH = YES;
				SDKROOT = iphoneos;
				SWIFT_ACTIVE_COMPILATION_CONDITIONS = DEBUG;
				SWIFT_OPTIMIZATION_LEVEL = "-Onone";
			};
			name = Debug;
		};
		46A2C8EB289D3C5800E8B3F8 /* Release */ = {
			isa = XCBuildConfiguration;
			buildSettings = {
				ALWAYS_SEARCH_USER_PATHS = NO;
				CLANG_ANALYZER_NONNULL = YES;
				CLANG_ANALYZER_NUMBER_OBJECT_CONVERSION = YES_AGGRESSIVE;
				CLANG_CXX_LANGUAGE_STANDARD = "gnu++17";
				CLANG_CXX_LIBRARY = "libc++";
				CLANG_ENABLE_MODULES = YES;
				CLANG_ENABLE_OBJC_ARC = YES;
				CLANG_ENABLE_OBJC_WEAK = YES;
				CLANG_WARN_BLOCK_CAPTURE_AUTORELEASING = YES;
				CLANG_WARN_BOOL_CONVERSION = YES;
				CLANG_WARN_COMMA = YES;
				CLANG_WARN_CONSTANT_CONVERSION = YES;
				CLANG_WARN_DEPRECATED_OBJC_IMPLEMENTATIONS = YES;
				CLANG_WARN_DIRECT_OBJC_ISA_USAGE = YES_ERROR;
				CLANG_WARN_DOCUMENTATION_COMMENTS = YES;
				CLANG_WARN_EMPTY_BODY = YES;
				CLANG_WARN_ENUM_CONVERSION = YES;
				CLANG_WARN_INFINITE_RECURSION = YES;
				CLANG_WARN_INT_CONVERSION = YES;
				CLANG_WARN_NON_LITERAL_NULL_CONVERSION = YES;
				CLANG_WARN_OBJC_IMPLICIT_RETAIN_SELF = YES;
				CLANG_WARN_OBJC_LITERAL_CONVERSION = YES;
				CLANG_WARN_OBJC_ROOT_CLASS = YES_ERROR;
				CLANG_WARN_QUOTED_INCLUDE_IN_FRAMEWORK_HEADER = YES;
				CLANG_WARN_RANGE_LOOP_ANALYSIS = YES;
				CLANG_WARN_STRICT_PROTOTYPES = YES;
				CLANG_WARN_SUSPICIOUS_MOVE = YES;
				CLANG_WARN_UNGUARDED_AVAILABILITY = YES_AGGRESSIVE;
				CLANG_WARN_UNREACHABLE_CODE = YES;
				CLANG_WARN__DUPLICATE_METHOD_MATCH = YES;
				COPY_PHASE_STRIP = NO;
				DEBUG_INFORMATION_FORMAT = "dwarf-with-dsym";
				ENABLE_NS_ASSERTIONS = NO;
				ENABLE_STRICT_OBJC_MSGSEND = YES;
				GCC_C_LANGUAGE_STANDARD = gnu11;
				GCC_NO_COMMON_BLOCKS = YES;
				GCC_WARN_64_TO_32_BIT_CONVERSION = YES;
				GCC_WARN_ABOUT_RETURN_TYPE = YES_ERROR;
				GCC_WARN_UNDECLARED_SELECTOR = YES;
				GCC_WARN_UNINITIALIZED_AUTOS = YES_AGGRESSIVE;
				GCC_WARN_UNUSED_FUNCTION = YES;
				GCC_WARN_UNUSED_VARIABLE = YES;
				IPHONEOS_DEPLOYMENT_TARGET = 15.2;
				MTL_ENABLE_DEBUG_INFO = NO;
				MTL_FAST_MATH = YES;
				SDKROOT = iphoneos;
				SWIFT_COMPILATION_MODE = wholemodule;
				SWIFT_OPTIMIZATION_LEVEL = "-O";
				VALIDATE_PRODUCT = YES;
			};
			name = Release;
		};
		46A2C8ED289D3C5800E8B3F8 /* Debug */ = {
			isa = XCBuildConfiguration;
			buildSettings = {
				ALWAYS_EMBED_SWIFT_STANDARD_LIBRARIES = YES;
				ASSETCATALOG_COMPILER_APPICON_NAME = AppIcon;
				ASSETCATALOG_COMPILER_GLOBAL_ACCENT_COLOR_NAME = AccentColor;
				CODE_SIGN_STYLE = Automatic;
				CURRENT_PROJECT_VERSION = 1;
				DEVELOPMENT_ASSET_PATHS = "\"PokemonSwiftUI/Preview Content\"";
				DEVELOPMENT_TEAM = DD6NR6394F;
				ENABLE_PREVIEWS = YES;
				GENERATE_INFOPLIST_FILE = YES;
				INFOPLIST_KEY_UIApplicationSceneManifest_Generation = YES;
				INFOPLIST_KEY_UIApplicationSupportsIndirectInputEvents = YES;
				INFOPLIST_KEY_UILaunchScreen_Generation = YES;
				INFOPLIST_KEY_UISupportedInterfaceOrientations_iPad = "UIInterfaceOrientationPortrait UIInterfaceOrientationPortraitUpsideDown UIInterfaceOrientationLandscapeLeft UIInterfaceOrientationLandscapeRight";
				INFOPLIST_KEY_UISupportedInterfaceOrientations_iPhone = "UIInterfaceOrientationPortrait UIInterfaceOrientationLandscapeLeft UIInterfaceOrientationLandscapeRight";
				LD_RUNPATH_SEARCH_PATHS = (
					"$(inherited)",
					"@executable_path/Frameworks",
				);
				MARKETING_VERSION = 1.0;
				PRODUCT_BUNDLE_IDENTIFIER = com.tetiana.PokemonSwiftUI;
				PRODUCT_NAME = "$(TARGET_NAME)";
				SWIFT_EMIT_LOC_STRINGS = YES;
				SWIFT_VERSION = 5.0;
				TARGETED_DEVICE_FAMILY = "1,2";
			};
			name = Debug;
		};
		46A2C8EE289D3C5800E8B3F8 /* Release */ = {
			isa = XCBuildConfiguration;
			buildSettings = {
				ALWAYS_EMBED_SWIFT_STANDARD_LIBRARIES = YES;
				ASSETCATALOG_COMPILER_APPICON_NAME = AppIcon;
				ASSETCATALOG_COMPILER_GLOBAL_ACCENT_COLOR_NAME = AccentColor;
				CODE_SIGN_STYLE = Automatic;
				CURRENT_PROJECT_VERSION = 1;
				DEVELOPMENT_ASSET_PATHS = "\"PokemonSwiftUI/Preview Content\"";
				DEVELOPMENT_TEAM = DD6NR6394F;
				ENABLE_PREVIEWS = YES;
				GENERATE_INFOPLIST_FILE = YES;
				INFOPLIST_KEY_UIApplicationSceneManifest_Generation = YES;
				INFOPLIST_KEY_UIApplicationSupportsIndirectInputEvents = YES;
				INFOPLIST_KEY_UILaunchScreen_Generation = YES;
				INFOPLIST_KEY_UISupportedInterfaceOrientations_iPad = "UIInterfaceOrientationPortrait UIInterfaceOrientationPortraitUpsideDown UIInterfaceOrientationLandscapeLeft UIInterfaceOrientationLandscapeRight";
				INFOPLIST_KEY_UISupportedInterfaceOrientations_iPhone = "UIInterfaceOrientationPortrait UIInterfaceOrientationLandscapeLeft UIInterfaceOrientationLandscapeRight";
				LD_RUNPATH_SEARCH_PATHS = (
					"$(inherited)",
					"@executable_path/Frameworks",
				);
				MARKETING_VERSION = 1.0;
				PRODUCT_BUNDLE_IDENTIFIER = com.tetiana.PokemonSwiftUI;
				PRODUCT_NAME = "$(TARGET_NAME)";
				SWIFT_EMIT_LOC_STRINGS = YES;
				SWIFT_VERSION = 5.0;
				TARGETED_DEVICE_FAMILY = "1,2";
			};
			name = Release;
		};
		46A2C91028A2AB4000E8B3F8 /* Debug */ = {
			isa = XCBuildConfiguration;
			buildSettings = {
				ASSETCATALOG_COMPILER_GLOBAL_ACCENT_COLOR_NAME = AccentColor;
				ASSETCATALOG_COMPILER_WIDGET_BACKGROUND_COLOR_NAME = WidgetBackground;
				CODE_SIGN_STYLE = Automatic;
				CURRENT_PROJECT_VERSION = 1;
				DEVELOPMENT_TEAM = DD6NR6394F;
				GENERATE_INFOPLIST_FILE = YES;
				INFOPLIST_FILE = PokemonWidget/Info.plist;
				INFOPLIST_KEY_CFBundleDisplayName = PokemonWidget;
				INFOPLIST_KEY_NSHumanReadableCopyright = "";
				LD_RUNPATH_SEARCH_PATHS = (
					"$(inherited)",
					"@executable_path/Frameworks",
					"@executable_path/../../Frameworks",
				);
				MARKETING_VERSION = 1.0;
				PRODUCT_BUNDLE_IDENTIFIER = com.tetiana.PokemonSwiftUI.PokemonWidget;
				PRODUCT_NAME = "$(TARGET_NAME)";
				SKIP_INSTALL = YES;
				SWIFT_EMIT_LOC_STRINGS = YES;
				SWIFT_VERSION = 5.0;
				TARGETED_DEVICE_FAMILY = "1,2";
			};
			name = Debug;
		};
		46A2C91128A2AB4000E8B3F8 /* Release */ = {
			isa = XCBuildConfiguration;
			buildSettings = {
				ASSETCATALOG_COMPILER_GLOBAL_ACCENT_COLOR_NAME = AccentColor;
				ASSETCATALOG_COMPILER_WIDGET_BACKGROUND_COLOR_NAME = WidgetBackground;
				CODE_SIGN_STYLE = Automatic;
				CURRENT_PROJECT_VERSION = 1;
				DEVELOPMENT_TEAM = DD6NR6394F;
				GENERATE_INFOPLIST_FILE = YES;
				INFOPLIST_FILE = PokemonWidget/Info.plist;
				INFOPLIST_KEY_CFBundleDisplayName = PokemonWidget;
				INFOPLIST_KEY_NSHumanReadableCopyright = "";
				LD_RUNPATH_SEARCH_PATHS = (
					"$(inherited)",
					"@executable_path/Frameworks",
					"@executable_path/../../Frameworks",
				);
				MARKETING_VERSION = 1.0;
				PRODUCT_BUNDLE_IDENTIFIER = com.tetiana.PokemonSwiftUI.PokemonWidget;
				PRODUCT_NAME = "$(TARGET_NAME)";
				SKIP_INSTALL = YES;
				SWIFT_EMIT_LOC_STRINGS = YES;
				SWIFT_VERSION = 5.0;
				TARGETED_DEVICE_FAMILY = "1,2";
			};
			name = Release;
		};
		46A2C92A28A2C06000E8B3F8 /* Debug */ = {
			isa = XCBuildConfiguration;
			buildSettings = {
				ASSETCATALOG_COMPILER_APPICON_NAME = AppIcon;
				ASSETCATALOG_COMPILER_GLOBAL_ACCENT_COLOR_NAME = AccentColor;
				CODE_SIGN_ENTITLEMENTS = PokemonClip/PokemonClip.entitlements;
				CODE_SIGN_STYLE = Automatic;
				CURRENT_PROJECT_VERSION = 1;
				DEVELOPMENT_ASSET_PATHS = "\"PokemonClip/Preview Content\"";
				DEVELOPMENT_TEAM = DD6NR6394F;
				ENABLE_PREVIEWS = YES;
				GENERATE_INFOPLIST_FILE = YES;
				INFOPLIST_FILE = PokemonClip/Info.plist;
				INFOPLIST_KEY_CFBundleDisplayName = PokemonSwiftUI;
				INFOPLIST_KEY_UIApplicationSceneManifest_Generation = YES;
				INFOPLIST_KEY_UIApplicationSupportsIndirectInputEvents = YES;
				INFOPLIST_KEY_UILaunchScreen_Generation = YES;
				INFOPLIST_KEY_UISupportedInterfaceOrientations_iPad = "UIInterfaceOrientationPortrait UIInterfaceOrientationPortraitUpsideDown UIInterfaceOrientationLandscapeLeft UIInterfaceOrientationLandscapeRight";
				INFOPLIST_KEY_UISupportedInterfaceOrientations_iPhone = "UIInterfaceOrientationPortrait UIInterfaceOrientationLandscapeLeft UIInterfaceOrientationLandscapeRight";
				LD_RUNPATH_SEARCH_PATHS = (
					"$(inherited)",
					"@executable_path/Frameworks",
				);
				MARKETING_VERSION = 1.0;
				PRODUCT_BUNDLE_IDENTIFIER = com.tetiana.PokemonSwiftUI.Clip;
				PRODUCT_NAME = "$(TARGET_NAME)";
				SWIFT_EMIT_LOC_STRINGS = YES;
				SWIFT_VERSION = 5.0;
				TARGETED_DEVICE_FAMILY = "1,2";
			};
			name = Debug;
		};
		46A2C92B28A2C06000E8B3F8 /* Release */ = {
			isa = XCBuildConfiguration;
			buildSettings = {
				ASSETCATALOG_COMPILER_APPICON_NAME = AppIcon;
				ASSETCATALOG_COMPILER_GLOBAL_ACCENT_COLOR_NAME = AccentColor;
				CODE_SIGN_ENTITLEMENTS = PokemonClip/PokemonClip.entitlements;
				CODE_SIGN_STYLE = Automatic;
				CURRENT_PROJECT_VERSION = 1;
				DEVELOPMENT_ASSET_PATHS = "\"PokemonClip/Preview Content\"";
				DEVELOPMENT_TEAM = DD6NR6394F;
				ENABLE_PREVIEWS = YES;
				GENERATE_INFOPLIST_FILE = YES;
				INFOPLIST_FILE = PokemonClip/Info.plist;
				INFOPLIST_KEY_CFBundleDisplayName = PokemonSwiftUI;
				INFOPLIST_KEY_UIApplicationSceneManifest_Generation = YES;
				INFOPLIST_KEY_UIApplicationSupportsIndirectInputEvents = YES;
				INFOPLIST_KEY_UILaunchScreen_Generation = YES;
				INFOPLIST_KEY_UISupportedInterfaceOrientations_iPad = "UIInterfaceOrientationPortrait UIInterfaceOrientationPortraitUpsideDown UIInterfaceOrientationLandscapeLeft UIInterfaceOrientationLandscapeRight";
				INFOPLIST_KEY_UISupportedInterfaceOrientations_iPhone = "UIInterfaceOrientationPortrait UIInterfaceOrientationLandscapeLeft UIInterfaceOrientationLandscapeRight";
				LD_RUNPATH_SEARCH_PATHS = (
					"$(inherited)",
					"@executable_path/Frameworks",
				);
				MARKETING_VERSION = 1.0;
				PRODUCT_BUNDLE_IDENTIFIER = com.tetiana.PokemonSwiftUI.Clip;
				PRODUCT_NAME = "$(TARGET_NAME)";
				SWIFT_EMIT_LOC_STRINGS = YES;
				SWIFT_VERSION = 5.0;
				TARGETED_DEVICE_FAMILY = "1,2";
			};
			name = Release;
		};
/* End XCBuildConfiguration section */

/* Begin XCConfigurationList section */
		46A2C8D9289D3C5600E8B3F8 /* Build configuration list for PBXProject "PokemonSwiftUI" */ = {
			isa = XCConfigurationList;
			buildConfigurations = (
				46A2C8EA289D3C5800E8B3F8 /* Debug */,
				46A2C8EB289D3C5800E8B3F8 /* Release */,
			);
			defaultConfigurationIsVisible = 0;
			defaultConfigurationName = Release;
		};
		46A2C8EC289D3C5800E8B3F8 /* Build configuration list for PBXNativeTarget "PokemonSwiftUI" */ = {
			isa = XCConfigurationList;
			buildConfigurations = (
				46A2C8ED289D3C5800E8B3F8 /* Debug */,
				46A2C8EE289D3C5800E8B3F8 /* Release */,
			);
			defaultConfigurationIsVisible = 0;
			defaultConfigurationName = Release;
		};
		46A2C90F28A2AB4000E8B3F8 /* Build configuration list for PBXNativeTarget "PokemonWidgetExtension" */ = {
			isa = XCConfigurationList;
			buildConfigurations = (
				46A2C91028A2AB4000E8B3F8 /* Debug */,
				46A2C91128A2AB4000E8B3F8 /* Release */,
			);
			defaultConfigurationIsVisible = 0;
			defaultConfigurationName = Release;
		};
		46A2C92928A2C06000E8B3F8 /* Build configuration list for PBXNativeTarget "PokemonClip" */ = {
			isa = XCConfigurationList;
			buildConfigurations = (
				46A2C92A28A2C06000E8B3F8 /* Debug */,
				46A2C92B28A2C06000E8B3F8 /* Release */,
			);
			defaultConfigurationIsVisible = 0;
			defaultConfigurationName = Release;
		};
/* End XCConfigurationList section */
	};
	rootObject = 46A2C8D6289D3C5600E8B3F8 /* Project object */;
}
